// !$*UTF8*$!
{
	archiveVersion = 1;
	classes = {
	};
	objectVersion = 56;
	objects = {

/* Begin PBXBuildFile section */
		266919C52AD47B5C00129445 /* EarthquakesApp.swift in Sources */ = {isa = PBXBuildFile; fileRef = 266919C42AD47B5C00129445 /* EarthquakesApp.swift */; };
		266919C72AD47B5C00129445 /* ContentView.swift in Sources */ = {isa = PBXBuildFile; fileRef = 266919C62AD47B5C00129445 /* ContentView.swift */; };
		266919C92AD47B5D00129445 /* Assets.xcassets in Resources */ = {isa = PBXBuildFile; fileRef = 266919C82AD47B5D00129445 /* Assets.xcassets */; };
		266919CC2AD47B5D00129445 /* Preview Assets.xcassets in Resources */ = {isa = PBXBuildFile; fileRef = 266919CB2AD47B5D00129445 /* Preview Assets.xcassets */; };
		266919D62AD47B5D00129445 /* EarthquakesTests.swift in Sources */ = {isa = PBXBuildFile; fileRef = 266919D52AD47B5D00129445 /* EarthquakesTests.swift */; };
		266919E02AD47B5D00129445 /* EarthquakesUITests.swift in Sources */ = {isa = PBXBuildFile; fileRef = 266919DF2AD47B5D00129445 /* EarthquakesUITests.swift */; };
		266919E22AD47B5D00129445 /* EarthquakesUITestsLaunchTests.swift in Sources */ = {isa = PBXBuildFile; fileRef = 266919E12AD47B5D00129445 /* EarthquakesUITestsLaunchTests.swift */; };
		266919EF2AD47EC200129445 /* Quake.swift in Sources */ = {isa = PBXBuildFile; fileRef = 266919EE2AD47EC200129445 /* Quake.swift */; };
/* End PBXBuildFile section */

/* Begin PBXContainerItemProxy section */
		266919D22AD47B5D00129445 /* PBXContainerItemProxy */ = {
			isa = PBXContainerItemProxy;
			containerPortal = 266919B92AD47B5C00129445 /* Project object */;
			proxyType = 1;
			remoteGlobalIDString = 266919C02AD47B5C00129445;
			remoteInfo = Earthquakes;
		};
		266919DC2AD47B5D00129445 /* PBXContainerItemProxy */ = {
			isa = PBXContainerItemProxy;
			containerPortal = 266919B92AD47B5C00129445 /* Project object */;
			proxyType = 1;
			remoteGlobalIDString = 266919C02AD47B5C00129445;
			remoteInfo = Earthquakes;
		};
/* End PBXContainerItemProxy section */

/* Begin PBXFileReference section */
		266919C12AD47B5C00129445 /* Earthquakes.app */ = {isa = PBXFileReference; explicitFileType = wrapper.application; includeInIndex = 0; path = Earthquakes.app; sourceTree = BUILT_PRODUCTS_DIR; };
		266919C42AD47B5C00129445 /* EarthquakesApp.swift */ = {isa = PBXFileReference; lastKnownFileType = sourcecode.swift; path = EarthquakesApp.swift; sourceTree = "<group>"; };
		266919C62AD47B5C00129445 /* ContentView.swift */ = {isa = PBXFileReference; lastKnownFileType = sourcecode.swift; path = ContentView.swift; sourceTree = "<group>"; };
		266919C82AD47B5D00129445 /* Assets.xcassets */ = {isa = PBXFileReference; lastKnownFileType = folder.assetcatalog; path = Assets.xcassets; sourceTree = "<group>"; };
		266919CB2AD47B5D00129445 /* Preview Assets.xcassets */ = {isa = PBXFileReference; lastKnownFileType = folder.assetcatalog; path = "Preview Assets.xcassets"; sourceTree = "<group>"; };
		266919D12AD47B5D00129445 /* EarthquakesTests.xctest */ = {isa = PBXFileReference; explicitFileType = wrapper.cfbundle; includeInIndex = 0; path = EarthquakesTests.xctest; sourceTree = BUILT_PRODUCTS_DIR; };
		266919D52AD47B5D00129445 /* EarthquakesTests.swift */ = {isa = PBXFileReference; lastKnownFileType = sourcecode.swift; path = EarthquakesTests.swift; sourceTree = "<group>"; };
		266919DB2AD47B5D00129445 /* EarthquakesUITests.xctest */ = {isa = PBXFileReference; explicitFileType = wrapper.cfbundle; includeInIndex = 0; path = EarthquakesUITests.xctest; sourceTree = BUILT_PRODUCTS_DIR; };
		266919DF2AD47B5D00129445 /* EarthquakesUITests.swift */ = {isa = PBXFileReference; lastKnownFileType = sourcecode.swift; path = EarthquakesUITests.swift; sourceTree = "<group>"; };
		266919E12AD47B5D00129445 /* EarthquakesUITestsLaunchTests.swift */ = {isa = PBXFileReference; lastKnownFileType = sourcecode.swift; path = EarthquakesUITestsLaunchTests.swift; sourceTree = "<group>"; };
		266919EE2AD47EC200129445 /* Quake.swift */ = {isa = PBXFileReference; lastKnownFileType = sourcecode.swift; path = Quake.swift; sourceTree = "<group>"; };
/* End PBXFileReference section */

/* Begin PBXFrameworksBuildPhase section */
		266919BE2AD47B5C00129445 /* Frameworks */ = {
			isa = PBXFrameworksBuildPhase;
			buildActionMask = 2147483647;
			files = (
			);
			runOnlyForDeploymentPostprocessing = 0;
		};
		266919CE2AD47B5D00129445 /* Frameworks */ = {
			isa = PBXFrameworksBuildPhase;
			buildActionMask = 2147483647;
			files = (
			);
			runOnlyForDeploymentPostprocessing = 0;
		};
		266919D82AD47B5D00129445 /* Frameworks */ = {
			isa = PBXFrameworksBuildPhase;
			buildActionMask = 2147483647;
			files = (
			);
			runOnlyForDeploymentPostprocessing = 0;
		};
/* End PBXFrameworksBuildPhase section */

/* Begin PBXGroup section */
		266919B82AD47B5C00129445 = {
			isa = PBXGroup;
			children = (
				266919C32AD47B5C00129445 /* Earthquakes */,
				266919D42AD47B5D00129445 /* EarthquakesTests */,
				266919DE2AD47B5D00129445 /* EarthquakesUITests */,
				266919C22AD47B5C00129445 /* Products */,
			);
			sourceTree = "<group>";
		};
		266919C22AD47B5C00129445 /* Products */ = {
			isa = PBXGroup;
			children = (
				266919C12AD47B5C00129445 /* Earthquakes.app */,
				266919D12AD47B5D00129445 /* EarthquakesTests.xctest */,
				266919DB2AD47B5D00129445 /* EarthquakesUITests.xctest */,
			);
			name = Products;
			sourceTree = "<group>";
		};
		266919C32AD47B5C00129445 /* Earthquakes */ = {
			isa = PBXGroup;
			children = (
				266919F02AD47ECB00129445 /* Models */,
				266919C42AD47B5C00129445 /* EarthquakesApp.swift */,
				266919C62AD47B5C00129445 /* ContentView.swift */,
				266919C82AD47B5D00129445 /* Assets.xcassets */,
				266919CA2AD47B5D00129445 /* Preview Content */,
			);
			path = Earthquakes;
			sourceTree = "<group>";
		};
		266919CA2AD47B5D00129445 /* Preview Content */ = {
			isa = PBXGroup;
			children = (
				266919CB2AD47B5D00129445 /* Preview Assets.xcassets */,
			);
			path = "Preview Content";
			sourceTree = "<group>";
		};
		266919D42AD47B5D00129445 /* EarthquakesTests */ = {
			isa = PBXGroup;
			children = (
				266919D52AD47B5D00129445 /* EarthquakesTests.swift */,
			);
			path = EarthquakesTests;
			sourceTree = "<group>";
		};
		266919DE2AD47B5D00129445 /* EarthquakesUITests */ = {
			isa = PBXGroup;
			children = (
				266919DF2AD47B5D00129445 /* EarthquakesUITests.swift */,
				266919E12AD47B5D00129445 /* EarthquakesUITestsLaunchTests.swift */,
			);
			path = EarthquakesUITests;
			sourceTree = "<group>";
		};
		266919F02AD47ECB00129445 /* Models */ = {
			isa = PBXGroup;
			children = (
				266919EE2AD47EC200129445 /* Quake.swift */,
			);
			path = Models;
			sourceTree = "<group>";
		};
/* End PBXGroup section */

/* Begin PBXNativeTarget section */
		266919C02AD47B5C00129445 /* Earthquakes */ = {
			isa = PBXNativeTarget;
			buildConfigurationList = 266919E52AD47B5D00129445 /* Build configuration list for PBXNativeTarget "Earthquakes" */;
			buildPhases = (
				266919BD2AD47B5C00129445 /* Sources */,
				266919BE2AD47B5C00129445 /* Frameworks */,
				266919BF2AD47B5C00129445 /* Resources */,
			);
			buildRules = (
			);
			dependencies = (
			);
			name = Earthquakes;
			productName = Earthquakes;
			productReference = 266919C12AD47B5C00129445 /* Earthquakes.app */;
			productType = "com.apple.product-type.application";
		};
		266919D02AD47B5D00129445 /* EarthquakesTests */ = {
			isa = PBXNativeTarget;
			buildConfigurationList = 266919E82AD47B5D00129445 /* Build configuration list for PBXNativeTarget "EarthquakesTests" */;
			buildPhases = (
				266919CD2AD47B5D00129445 /* Sources */,
				266919CE2AD47B5D00129445 /* Frameworks */,
				266919CF2AD47B5D00129445 /* Resources */,
			);
			buildRules = (
			);
			dependencies = (
				266919D32AD47B5D00129445 /* PBXTargetDependency */,
			);
			name = EarthquakesTests;
			productName = EarthquakesTests;
			productReference = 266919D12AD47B5D00129445 /* EarthquakesTests.xctest */;
			productType = "com.apple.product-type.bundle.unit-test";
		};
		266919DA2AD47B5D00129445 /* EarthquakesUITests */ = {
			isa = PBXNativeTarget;
			buildConfigurationList = 266919EB2AD47B5D00129445 /* Build configuration list for PBXNativeTarget "EarthquakesUITests" */;
			buildPhases = (
				266919D72AD47B5D00129445 /* Sources */,
				266919D82AD47B5D00129445 /* Frameworks */,
				266919D92AD47B5D00129445 /* Resources */,
			);
			buildRules = (
			);
			dependencies = (
				266919DD2AD47B5D00129445 /* PBXTargetDependency */,
			);
			name = EarthquakesUITests;
			productName = EarthquakesUITests;
			productReference = 266919DB2AD47B5D00129445 /* EarthquakesUITests.xctest */;
			productType = "com.apple.product-type.bundle.ui-testing";
		};
/* End PBXNativeTarget section */

/* Begin PBXProject section */
		266919B92AD47B5C00129445 /* Project object */ = {
			isa = PBXProject;
			attributes = {
				BuildIndependentTargetsInParallel = 1;
				LastSwiftUpdateCheck = 1500;
				LastUpgradeCheck = 1500;
				TargetAttributes = {
					266919C02AD47B5C00129445 = {
						CreatedOnToolsVersion = 15.0;
					};
					266919D02AD47B5D00129445 = {
						CreatedOnToolsVersion = 15.0;
						TestTargetID = 266919C02AD47B5C00129445;
					};
					266919DA2AD47B5D00129445 = {
						CreatedOnToolsVersion = 15.0;
						TestTargetID = 266919C02AD47B5C00129445;
					};
				};
			};
			buildConfigurationList = 266919BC2AD47B5C00129445 /* Build configuration list for PBXProject "Earthquakes" */;
			compatibilityVersion = "Xcode 14.0";
			developmentRegion = en;
			hasScannedForEncodings = 0;
			knownRegions = (
				en,
				Base,
			);
			mainGroup = 266919B82AD47B5C00129445;
			productRefGroup = 266919C22AD47B5C00129445 /* Products */;
			projectDirPath = "";
			projectRoot = "";
			targets = (
				266919C02AD47B5C00129445 /* Earthquakes */,
				266919D02AD47B5D00129445 /* EarthquakesTests */,
				266919DA2AD47B5D00129445 /* EarthquakesUITests */,
			);
		};
/* End PBXProject section */

/* Begin PBXResourcesBuildPhase section */
		266919BF2AD47B5C00129445 /* Resources */ = {
			isa = PBXResourcesBuildPhase;
			buildActionMask = 2147483647;
			files = (
				266919CC2AD47B5D00129445 /* Preview Assets.xcassets in Resources */,
				266919C92AD47B5D00129445 /* Assets.xcassets in Resources */,
			);
			runOnlyForDeploymentPostprocessing = 0;
		};
		266919CF2AD47B5D00129445 /* Resources */ = {
			isa = PBXResourcesBuildPhase;
			buildActionMask = 2147483647;
			files = (
			);
			runOnlyForDeploymentPostprocessing = 0;
		};
		266919D92AD47B5D00129445 /* Resources */ = {
			isa = PBXResourcesBuildPhase;
			buildActionMask = 2147483647;
			files = (
			);
			runOnlyForDeploymentPostprocessing = 0;
		};
/* End PBXResourcesBuildPhase section */

/* Begin PBXSourcesBuildPhase section */
		266919BD2AD47B5C00129445 /* Sources */ = {
			isa = PBXSourcesBuildPhase;
			buildActionMask = 2147483647;
			files = (
				266919C72AD47B5C00129445 /* ContentView.swift in Sources */,
				266919EF2AD47EC200129445 /* Quake.swift in Sources */,
				266919C52AD47B5C00129445 /* EarthquakesApp.swift in Sources */,
			);
			runOnlyForDeploymentPostprocessing = 0;
		};
		266919CD2AD47B5D00129445 /* Sources */ = {
			isa = PBXSourcesBuildPhase;
			buildActionMask = 2147483647;
			files = (
				266919D62AD47B5D00129445 /* EarthquakesTests.swift in Sources */,
			);
			runOnlyForDeploymentPostprocessing = 0;
		};
		266919D72AD47B5D00129445 /* Sources */ = {
			isa = PBXSourcesBuildPhase;
			buildActionMask = 2147483647;
			files = (
				266919E02AD47B5D00129445 /* EarthquakesUITests.swift in Sources */,
				266919E22AD47B5D00129445 /* EarthquakesUITestsLaunchTests.swift in Sources */,
			);
			runOnlyForDeploymentPostprocessing = 0;
		};
/* End PBXSourcesBuildPhase section */

/* Begin PBXTargetDependency section */
		266919D32AD47B5D00129445 /* PBXTargetDependency */ = {
			isa = PBXTargetDependency;
			target = 266919C02AD47B5C00129445 /* Earthquakes */;
			targetProxy = 266919D22AD47B5D00129445 /* PBXContainerItemProxy */;
		};
		266919DD2AD47B5D00129445 /* PBXTargetDependency */ = {
			isa = PBXTargetDependency;
			target = 266919C02AD47B5C00129445 /* Earthquakes */;
			targetProxy = 266919DC2AD47B5D00129445 /* PBXContainerItemProxy */;
		};
/* End PBXTargetDependency section */

/* Begin XCBuildConfiguration section */
		266919E32AD47B5D00129445 /* Debug */ = {
			isa = XCBuildConfiguration;
			buildSettings = {
				ALWAYS_SEARCH_USER_PATHS = NO;
				ASSETCATALOG_COMPILER_GENERATE_SWIFT_ASSET_SYMBOL_EXTENSIONS = YES;
				CLANG_ANALYZER_NONNULL = YES;
				CLANG_ANALYZER_NUMBER_OBJECT_CONVERSION = YES_AGGRESSIVE;
				CLANG_CXX_LANGUAGE_STANDARD = "gnu++20";
				CLANG_ENABLE_MODULES = YES;
				CLANG_ENABLE_OBJC_ARC = YES;
				CLANG_ENABLE_OBJC_WEAK = YES;
				CLANG_WARN_BLOCK_CAPTURE_AUTORELEASING = YES;
				CLANG_WARN_BOOL_CONVERSION = YES;
				CLANG_WARN_COMMA = YES;
				CLANG_WARN_CONSTANT_CONVERSION = YES;
				CLANG_WARN_DEPRECATED_OBJC_IMPLEMENTATIONS = YES;
				CLANG_WARN_DIRECT_OBJC_ISA_USAGE = YES_ERROR;
				CLANG_WARN_DOCUMENTATION_COMMENTS = YES;
				CLANG_WARN_EMPTY_BODY = YES;
				CLANG_WARN_ENUM_CONVERSION = YES;
				CLANG_WARN_INFINITE_RECURSION = YES;
				CLANG_WARN_INT_CONVERSION = YES;
				CLANG_WARN_NON_LITERAL_NULL_CONVERSION = YES;
				CLANG_WARN_OBJC_IMPLICIT_RETAIN_SELF = YES;
				CLANG_WARN_OBJC_LITERAL_CONVERSION = YES;
				CLANG_WARN_OBJC_ROOT_CLASS = YES_ERROR;
				CLANG_WARN_QUOTED_INCLUDE_IN_FRAMEWORK_HEADER = YES;
				CLANG_WARN_RANGE_LOOP_ANALYSIS = YES;
				CLANG_WARN_STRICT_PROTOTYPES = YES;
				CLANG_WARN_SUSPICIOUS_MOVE = YES;
				CLANG_WARN_UNGUARDED_AVAILABILITY = YES_AGGRESSIVE;
				CLANG_WARN_UNREACHABLE_CODE = YES;
				CLANG_WARN__DUPLICATE_METHOD_MATCH = YES;
				COPY_PHASE_STRIP = NO;
				DEBUG_INFORMATION_FORMAT = dwarf;
				ENABLE_STRICT_OBJC_MSGSEND = YES;
				ENABLE_TESTABILITY = YES;
				ENABLE_USER_SCRIPT_SANDBOXING = YES;
				GCC_C_LANGUAGE_STANDARD = gnu17;
				GCC_DYNAMIC_NO_PIC = NO;
				GCC_NO_COMMON_BLOCKS = YES;
				GCC_OPTIMIZATION_LEVEL = 0;
				GCC_PREPROCESSOR_DEFINITIONS = (
					"DEBUG=1",
					"$(inherited)",
				);
				GCC_WARN_64_TO_32_BIT_CONVERSION = YES;
				GCC_WARN_ABOUT_RETURN_TYPE = YES_ERROR;
				GCC_WARN_UNDECLARED_SELECTOR = YES;
				GCC_WARN_UNINITIALIZED_AUTOS = YES_AGGRESSIVE;
				GCC_WARN_UNUSED_FUNCTION = YES;
				GCC_WARN_UNUSED_VARIABLE = YES;
				IPHONEOS_DEPLOYMENT_TARGET = 17.0;
				LOCALIZATION_PREFERS_STRING_CATALOGS = YES;
				MTL_ENABLE_DEBUG_INFO = INCLUDE_SOURCE;
				MTL_FAST_MATH = YES;
				ONLY_ACTIVE_ARCH = YES;
				SDKROOT = iphoneos;
				SWIFT_ACTIVE_COMPILATION_CONDITIONS = "DEBUG $(inherited)";
				SWIFT_OPTIMIZATION_LEVEL = "-Onone";
			};
			name = Debug;
		};
		266919E42AD47B5D00129445 /* Release */ = {
			isa = XCBuildConfiguration;
			buildSettings = {
				ALWAYS_SEARCH_USER_PATHS = NO;
				ASSETCATALOG_COMPILER_GENERATE_SWIFT_ASSET_SYMBOL_EXTENSIONS = YES;
				CLANG_ANALYZER_NONNULL = YES;
				CLANG_ANALYZER_NUMBER_OBJECT_CONVERSION = YES_AGGRESSIVE;
				CLANG_CXX_LANGUAGE_STANDARD = "gnu++20";
				CLANG_ENABLE_MODULES = YES;
				CLANG_ENABLE_OBJC_ARC = YES;
				CLANG_ENABLE_OBJC_WEAK = YES;
				CLANG_WARN_BLOCK_CAPTURE_AUTORELEASING = YES;
				CLANG_WARN_BOOL_CONVERSION = YES;
				CLANG_WARN_COMMA = YES;
				CLANG_WARN_CONSTANT_CONVERSION = YES;
				CLANG_WARN_DEPRECATED_OBJC_IMPLEMENTATIONS = YES;
				CLANG_WARN_DIRECT_OBJC_ISA_USAGE = YES_ERROR;
				CLANG_WARN_DOCUMENTATION_COMMENTS = YES;
				CLANG_WARN_EMPTY_BODY = YES;
				CLANG_WARN_ENUM_CONVERSION = YES;
				CLANG_WARN_INFINITE_RECURSION = YES;
				CLANG_WARN_INT_CONVERSION = YES;
				CLANG_WARN_NON_LITERAL_NULL_CONVERSION = YES;
				CLANG_WARN_OBJC_IMPLICIT_RETAIN_SELF = YES;
				CLANG_WARN_OBJC_LITERAL_CONVERSION = YES;
				CLANG_WARN_OBJC_ROOT_CLASS = YES_ERROR;
				CLANG_WARN_QUOTED_INCLUDE_IN_FRAMEWORK_HEADER = YES;
				CLANG_WARN_RANGE_LOOP_ANALYSIS = YES;
				CLANG_WARN_STRICT_PROTOTYPES = YES;
				CLANG_WARN_SUSPICIOUS_MOVE = YES;
				CLANG_WARN_UNGUARDED_AVAILABILITY = YES_AGGRESSIVE;
				CLANG_WARN_UNREACHABLE_CODE = YES;
				CLANG_WARN__DUPLICATE_METHOD_MATCH = YES;
				COPY_PHASE_STRIP = NO;
				DEBUG_INFORMATION_FORMAT = "dwarf-with-dsym";
				ENABLE_NS_ASSERTIONS = NO;
				ENABLE_STRICT_OBJC_MSGSEND = YES;
				ENABLE_USER_SCRIPT_SANDBOXING = YES;
				GCC_C_LANGUAGE_STANDARD = gnu17;
				GCC_NO_COMMON_BLOCKS = YES;
				GCC_WARN_64_TO_32_BIT_CONVERSION = YES;
				GCC_WARN_ABOUT_RETURN_TYPE = YES_ERROR;
				GCC_WARN_UNDECLARED_SELECTOR = YES;
				GCC_WARN_UNINITIALIZED_AUTOS = YES_AGGRESSIVE;
				GCC_WARN_UNUSED_FUNCTION = YES;
				GCC_WARN_UNUSED_VARIABLE = YES;
				IPHONEOS_DEPLOYMENT_TARGET = 17.0;
				LOCALIZATION_PREFERS_STRING_CATALOGS = YES;
				MTL_ENABLE_DEBUG_INFO = NO;
				MTL_FAST_MATH = YES;
				SDKROOT = iphoneos;
				SWIFT_COMPILATION_MODE = wholemodule;
				VALIDATE_PRODUCT = YES;
			};
			name = Release;
		};
		266919E62AD47B5D00129445 /* Debug */ = {
			isa = XCBuildConfiguration;
			buildSettings = {
				ASSETCATALOG_COMPILER_APPICON_NAME = AppIcon;
				ASSETCATALOG_COMPILER_GLOBAL_ACCENT_COLOR_NAME = AccentColor;
				CODE_SIGN_STYLE = Automatic;
				CURRENT_PROJECT_VERSION = 1;
				DEVELOPMENT_ASSET_PATHS = "\"Earthquakes/Preview Content\"";
				DEVELOPMENT_TEAM = P92GSKWU9W;
				ENABLE_PREVIEWS = YES;
				GENERATE_INFOPLIST_FILE = YES;
				INFOPLIST_KEY_UIApplicationSceneManifest_Generation = YES;
				INFOPLIST_KEY_UIApplicationSupportsIndirectInputEvents = YES;
				INFOPLIST_KEY_UILaunchScreen_Generation = YES;
				INFOPLIST_KEY_UISupportedInterfaceOrientations_iPad = "UIInterfaceOrientationPortrait UIInterfaceOrientationPortraitUpsideDown UIInterfaceOrientationLandscapeLeft UIInterfaceOrientationLandscapeRight";
				INFOPLIST_KEY_UISupportedInterfaceOrientations_iPhone = "UIInterfaceOrientationPortrait UIInterfaceOrientationLandscapeLeft UIInterfaceOrientationLandscapeRight";
				LD_RUNPATH_SEARCH_PATHS = (
					"$(inherited)",
					"@executable_path/Frameworks",
				);
				MARKETING_VERSION = 1.0;
				PRODUCT_BUNDLE_IDENTIFIER = Sarah.Earthquakes;
				PRODUCT_NAME = "$(TARGET_NAME)";
				SWIFT_EMIT_LOC_STRINGS = YES;
				SWIFT_VERSION = 5.0;
				TARGETED_DEVICE_FAMILY = "1,2";
			};
			name = Debug;
		};
		266919E72AD47B5D00129445 /* Release */ = {
			isa = XCBuildConfiguration;
			buildSettings = {
				ASSETCATALOG_COMPILER_APPICON_NAME = AppIcon;
				ASSETCATALOG_COMPILER_GLOBAL_ACCENT_COLOR_NAME = AccentColor;
				CODE_SIGN_STYLE = Automatic;
				CURRENT_PROJECT_VERSION = 1;
				DEVELOPMENT_ASSET_PATHS = "\"Earthquakes/Preview Content\"";
				DEVELOPMENT_TEAM = P92GSKWU9W;
				ENABLE_PREVIEWS = YES;
				GENERATE_INFOPLIST_FILE = YES;
				INFOPLIST_KEY_UIApplicationSceneManifest_Generation = YES;
				INFOPLIST_KEY_UIApplicationSupportsIndirectInputEvents = YES;
				INFOPLIST_KEY_UILaunchScreen_Generation = YES;
				INFOPLIST_KEY_UISupportedInterfaceOrientations_iPad = "UIInterfaceOrientationPortrait UIInterfaceOrientationPortraitUpsideDown UIInterfaceOrientationLandscapeLeft UIInterfaceOrientationLandscapeRight";
				INFOPLIST_KEY_UISupportedInterfaceOrientations_iPhone = "UIInterfaceOrientationPortrait UIInterfaceOrientationLandscapeLeft UIInterfaceOrientationLandscapeRight";
				LD_RUNPATH_SEARCH_PATHS = (
					"$(inherited)",
					"@executable_path/Frameworks",
				);
				MARKETING_VERSION = 1.0;
				PRODUCT_BUNDLE_IDENTIFIER = Sarah.Earthquakes;
				PRODUCT_NAME = "$(TARGET_NAME)";
				SWIFT_EMIT_LOC_STRINGS = YES;
				SWIFT_VERSION = 5.0;
				TARGETED_DEVICE_FAMILY = "1,2";
			};
			name = Release;
		};
		266919E92AD47B5D00129445 /* Debug */ = {
			isa = XCBuildConfiguration;
			buildSettings = {
				ALWAYS_EMBED_SWIFT_STANDARD_LIBRARIES = YES;
				BUNDLE_LOADER = "$(TEST_HOST)";
				CODE_SIGN_STYLE = Automatic;
				CURRENT_PROJECT_VERSION = 1;
				DEVELOPMENT_TEAM = P92GSKWU9W;
				GENERATE_INFOPLIST_FILE = YES;
				IPHONEOS_DEPLOYMENT_TARGET = 17.0;
				MARKETING_VERSION = 1.0;
				PRODUCT_BUNDLE_IDENTIFIER = Sarah.EarthquakesTests;
				PRODUCT_NAME = "$(TARGET_NAME)";
				SWIFT_EMIT_LOC_STRINGS = NO;
				SWIFT_VERSION = 5.0;
				TARGETED_DEVICE_FAMILY = "1,2";
				TEST_HOST = "$(BUILT_PRODUCTS_DIR)/Earthquakes.app/$(BUNDLE_EXECUTABLE_FOLDER_PATH)/Earthquakes";
			};
			name = Debug;
		};
		266919EA2AD47B5D00129445 /* Release */ = {
			isa = XCBuildConfiguration;
			buildSettings = {
				ALWAYS_EMBED_SWIFT_STANDARD_LIBRARIES = YES;
				BUNDLE_LOADER = "$(TEST_HOST)";
				CODE_SIGN_STYLE = Automatic;
				CURRENT_PROJECT_VERSION = 1;
				DEVELOPMENT_TEAM = P92GSKWU9W;
				GENERATE_INFOPLIST_FILE = YES;
				IPHONEOS_DEPLOYMENT_TARGET = 17.0;
				MARKETING_VERSION = 1.0;
				PRODUCT_BUNDLE_IDENTIFIER = Sarah.EarthquakesTests;
				PRODUCT_NAME = "$(TARGET_NAME)";
				SWIFT_EMIT_LOC_STRINGS = NO;
				SWIFT_VERSION = 5.0;
				TARGETED_DEVICE_FAMILY = "1,2";
				TEST_HOST = "$(BUILT_PRODUCTS_DIR)/Earthquakes.app/$(BUNDLE_EXECUTABLE_FOLDER_PATH)/Earthquakes";
			};
			name = Release;
		};
		266919EC2AD47B5D00129445 /* Debug */ = {
			isa = XCBuildConfiguration;
			buildSettings = {
				ALWAYS_EMBED_SWIFT_STANDARD_LIBRARIES = YES;
				CODE_SIGN_STYLE = Automatic;
				CURRENT_PROJECT_VERSION = 1;
				DEVELOPMENT_TEAM = P92GSKWU9W;
				GENERATE_INFOPLIST_FILE = YES;
				MARKETING_VERSION = 1.0;
				PRODUCT_BUNDLE_IDENTIFIER = Sarah.EarthquakesUITests;
				PRODUCT_NAME = "$(TARGET_NAME)";
				SWIFT_EMIT_LOC_STRINGS = NO;
				SWIFT_VERSION = 5.0;
				TARGETED_DEVICE_FAMILY = "1,2";
				TEST_TARGET_NAME = Earthquakes;
			};
			name = Debug;
		};
		266919ED2AD47B5D00129445 /* Release */ = {
			isa = XCBuildConfiguration;
			buildSettings = {
				ALWAYS_EMBED_SWIFT_STANDARD_LIBRARIES = YES;
				CODE_SIGN_STYLE = Automatic;
				CURRENT_PROJECT_VERSION = 1;
				DEVELOPMENT_TEAM = P92GSKWU9W;
				GENERATE_INFOPLIST_FILE = YES;
				MARKETING_VERSION = 1.0;
				PRODUCT_BUNDLE_IDENTIFIER = Sarah.EarthquakesUITests;
				PRODUCT_NAME = "$(TARGET_NAME)";
				SWIFT_EMIT_LOC_STRINGS = NO;
				SWIFT_VERSION = 5.0;
				TARGETED_DEVICE_FAMILY = "1,2";
				TEST_TARGET_NAME = Earthquakes;
			};
			name = Release;
		};
/* End XCBuildConfiguration section */

/* Begin XCConfigurationList section */
		266919BC2AD47B5C00129445 /* Build configuration list for PBXProject "Earthquakes" */ = {
			isa = XCConfigurationList;
			buildConfigurations = (
				266919E32AD47B5D00129445 /* Debug */,
				266919E42AD47B5D00129445 /* Release */,
			);
			defaultConfigurationIsVisible = 0;
			defaultConfigurationName = Release;
		};
		266919E52AD47B5D00129445 /* Build configuration list for PBXNativeTarget "Earthquakes" */ = {
			isa = XCConfigurationList;
			buildConfigurations = (
				266919E62AD47B5D00129445 /* Debug */,
				266919E72AD47B5D00129445 /* Release */,
			);
			defaultConfigurationIsVisible = 0;
			defaultConfigurationName = Release;
		};
		266919E82AD47B5D00129445 /* Build configuration list for PBXNativeTarget "EarthquakesTests" */ = {
			isa = XCConfigurationList;
			buildConfigurations = (
				266919E92AD47B5D00129445 /* Debug */,
				266919EA2AD47B5D00129445 /* Release */,
			);
			defaultConfigurationIsVisible = 0;
			defaultConfigurationName = Release;
		};
		266919EB2AD47B5D00129445 /* Build configuration list for PBXNativeTarget "EarthquakesUITests" */ = {
			isa = XCConfigurationList;
			buildConfigurations = (
				266919EC2AD47B5D00129445 /* Debug */,
				266919ED2AD47B5D00129445 /* Release */,
			);
			defaultConfigurationIsVisible = 0;
			defaultConfigurationName = Release;
		};
/* End XCConfigurationList section */
	};
	rootObject = 266919B92AD47B5C00129445 /* Project object */;
}
